
Microsoft Visual Studio Solution File, Format Version 12.00
# Visual Studio Version 17
VisualStudioVersion = 17.9.34728.123
MinimumVisualStudioVersion = 10.0.40219.1
Project("{FAE04EC0-301F-11D3-BF4B-00C04F79EFBC}") = "kalkul", "kalkul\kalkul.csproj", "{08C9BF78-C402-4E0C-9B6B-5036B02DBB11}"
EndProject
Global
	GlobalSection(SolutionConfigurationPlatforms) = preSolution
		Debug|Any CPU = Debug|Any CPU
		Release|Any CPU = Release|Any CPU
	EndGlobalSection
	GlobalSection(ProjectConfigurationPlatforms) = postSolution
		{08C9BF78-C402-4E0C-9B6B-5036B02DBB11}.Debug|Any CPU.ActiveCfg = Debug|Any CPU
		{08C9BF78-C402-4E0C-9B6B-5036B02DBB11}.Debug|Any CPU.Build.0 = Debug|Any CPU
		{08C9BF78-C402-4E0C-9B6B-5036B02DBB11}.Release|Any CPU.ActiveCfg = Release|Any CPU
		{08C9BF78-C402-4E0C-9B6B-5036B02DBB11}.Release|Any CPU.Build.0 = Release|Any CPU
	EndGlobalSection
	GlobalSection(SolutionProperties) = preSolution
		HideSolutionNode = FALSE
	EndGlobalSection
	GlobalSection(ExtensibilityGlobals) = postSolution
		SolutionGuid = {3F0B9A52-BC6D-4638-A167-629427C8EF52}
	EndGlobalSection
EndGlobal
